
Microsoft Visual Studio Solution File, Format Version 12.00
# Visual Studio Version 17
VisualStudioVersion = 17.11.35327.3
MinimumVisualStudioVersion = 10.0.40219.1
Project("{9A19103F-16F7-4668-BE54-9A1E7A4F7556}") = "ConsoleApp1", "ConsoleApp1\ConsoleApp1.csproj", "{2BEBC532-83FA-4B14-8115-8CA03F8F7C2E}"
EndProject
Project("{FAE04EC0-301F-11D3-BF4B-00C04F79EFBC}") = "BankLibrary", "BankLibrary\BankLibrary.csproj", "{8826C87A-CC14-4F79-945B-DD39AC7768E1}"
EndProject
Project("{FAE04EC0-301F-11D3-BF4B-00C04F79EFBC}") = "TestBankLibrary", "TestBankLibrary\TestBankLibrary.csproj", "{253C5B46-C116-44B3-AF64-DA73D6AE7198}"
EndProject
Global
	GlobalSection(SolutionConfigurationPlatforms) = preSolution
		Debug|Any CPU = Debug|Any CPU
		Release|Any CPU = Release|Any CPU
	EndGlobalSection
	GlobalSection(ProjectConfigurationPlatforms) = postSolution
		{2BEBC532-83FA-4B14-8115-8CA03F8F7C2E}.Debug|Any CPU.ActiveCfg = Debug|Any CPU
		{2BEBC532-83FA-4B14-8115-8CA03F8F7C2E}.Debug|Any CPU.Build.0 = Debug|Any CPU
		{2BEBC532-83FA-4B14-8115-8CA03F8F7C2E}.Release|Any CPU.ActiveCfg = Release|Any CPU
		{2BEBC532-83FA-4B14-8115-8CA03F8F7C2E}.Release|Any CPU.Build.0 = Release|Any CPU
		{8826C87A-CC14-4F79-945B-DD39AC7768E1}.Debug|Any CPU.ActiveCfg = Debug|Any CPU
		{8826C87A-CC14-4F79-945B-DD39AC7768E1}.Debug|Any CPU.Build.0 = Debug|Any CPU
		{8826C87A-CC14-4F79-945B-DD39AC7768E1}.Release|Any CPU.ActiveCfg = Release|Any CPU
		{8826C87A-CC14-4F79-945B-DD39AC7768E1}.Release|Any CPU.Build.0 = Release|Any CPU
		{253C5B46-C116-44B3-AF64-DA73D6AE7198}.Debug|Any CPU.ActiveCfg = Debug|Any CPU
		{253C5B46-C116-44B3-AF64-DA73D6AE7198}.Debug|Any CPU.Build.0 = Debug|Any CPU
		{253C5B46-C116-44B3-AF64-DA73D6AE7198}.Release|Any CPU.ActiveCfg = Release|Any CPU
		{253C5B46-C116-44B3-AF64-DA73D6AE7198}.Release|Any CPU.Build.0 = Release|Any CPU
	EndGlobalSection
	GlobalSection(SolutionProperties) = preSolution
		HideSolutionNode = FALSE
	EndGlobalSection
	GlobalSection(ExtensibilityGlobals) = postSolution
		SolutionGuid = {25557195-2F36-492A-8D94-57D4042C85CC}
	EndGlobalSection
EndGlobal
