
Microsoft Visual Studio Solution File, Format Version 12.00
# Visual Studio Version 17
VisualStudioVersion = 17.11.35327.3
MinimumVisualStudioVersion = 10.0.40219.1
Project("{FAE04EC0-301F-11D3-BF4B-00C04F79EFBC}") = "ConsoleApp1", "ConsoleApp1\ConsoleApp1.csproj", "{35E941A9-8A6B-412B-9EF9-A8C6A72EF359}"
EndProject
Project("{FAE04EC0-301F-11D3-BF4B-00C04F79EFBC}") = "FiguryLib", "FiguryLib\FiguryLib.csproj", "{0C14AFF0-B504-4AFE-90F6-34D26AEA53E1}"
EndProject
Global
	GlobalSection(SolutionConfigurationPlatforms) = preSolution
		Debug|Any CPU = Debug|Any CPU
		Release|Any CPU = Release|Any CPU
	EndGlobalSection
	GlobalSection(ProjectConfigurationPlatforms) = postSolution
		{35E941A9-8A6B-412B-9EF9-A8C6A72EF359}.Debug|Any CPU.ActiveCfg = Debug|Any CPU
		{35E941A9-8A6B-412B-9EF9-A8C6A72EF359}.Debug|Any CPU.Build.0 = Debug|Any CPU
		{35E941A9-8A6B-412B-9EF9-A8C6A72EF359}.Release|Any CPU.ActiveCfg = Release|Any CPU
		{35E941A9-8A6B-412B-9EF9-A8C6A72EF359}.Release|Any CPU.Build.0 = Release|Any CPU
		{0C14AFF0-B504-4AFE-90F6-34D26AEA53E1}.Debug|Any CPU.ActiveCfg = Debug|Any CPU
		{0C14AFF0-B504-4AFE-90F6-34D26AEA53E1}.Debug|Any CPU.Build.0 = Debug|Any CPU
		{0C14AFF0-B504-4AFE-90F6-34D26AEA53E1}.Release|Any CPU.ActiveCfg = Release|Any CPU
		{0C14AFF0-B504-4AFE-90F6-34D26AEA53E1}.Release|Any CPU.Build.0 = Release|Any CPU
	EndGlobalSection
	GlobalSection(SolutionProperties) = preSolution
		HideSolutionNode = FALSE
	EndGlobalSection
	GlobalSection(ExtensibilityGlobals) = postSolution
		SolutionGuid = {A9E0BAC2-69F9-4318-BAD7-C2175790D93D}
	EndGlobalSection
EndGlobal
